github.com/hetiansu5/urlquery v1.2.7 h1:jn0h+9pIRqUziSPnRdK/gJK8S5TCnk+HZZx5fRHf8K0=
github.com/hetiansu5/urlquery v1.2.7/go.mod h1:wFpZdTHRdwt7mk0EM/DdZEWtEN4xf8HJoH/BLXm/PG0=
github.com/wizardsoftheweb/go-securitylabs v0.0.0-20220724135712-78739bc88a1a h1:GXXuTqaEkgbuH2U5kSB+DpS2qHN4PEXU+r9E9iIApR4=
github.com/wizardsoftheweb/go-securitylabs v0.0.0-20220724135712-78739bc88a1a/go.mod h1:HqvpLErFb3i2P7PRt73MLzOkf5XKuG+bjxziomY3BxE=
github.com/wizardsoftheweb/go-securitylabs v0.0.0-20220724143815-f4b6213078ee h1:0iJw/WUNRhln7VAYiqexPr7fg6iOSEE1F3SE+LBaF2w=
github.com/wizardsoftheweb/go-securitylabs v0.0.0-20220724143815-f4b6213078ee/go.mod h1:hxmj1Z9pXQbWFiD6FHoC2j5McLfID4PoTkmBNQC/12k=
